{
  "pins" : [
    {
      "identity" : "purchases-ios",
      "kind" : "remoteSourceControl",
      "location" : "https://github.com/RevenueCat/purchases-ios.git",
      "state" : {
        "revision" : "201013e9f73c35fb9168706e7051d71151a58086",
        "version" : "4.31.3"
      }
    }
  ],
  "version" : 2
}
